
Microsoft Visual Studio Solution File, Format Version 12.00
# Visual Studio 15
VisualStudioVersion = 15.0.27703.2026
MinimumVisualStudioVersion = 10.0.40219.1
Project("{FAE04EC0-301F-11D3-BF4B-00C04F79EFBC}") = "JensCafe.Core", "JensCafe.Core\JensCafe.Core.csproj", "{2307EDD6-7F76-42D6-9D7B-67ECEAC30312}"
EndProject
Project("{FAE04EC0-301F-11D3-BF4B-00C04F79EFBC}") = "JensCafeAndroid", "JensCafeAndroid\JensCafeAndroid.csproj", "{35FCCC27-7316-4496-83FD-B80A3F08FA2D}"
EndProject
Global
	GlobalSection(SolutionConfigurationPlatforms) = preSolution
		Debug|Any CPU = Debug|Any CPU
		Release|Any CPU = Release|Any CPU
	EndGlobalSection
	GlobalSection(ProjectConfigurationPlatforms) = postSolution
		{2307EDD6-7F76-42D6-9D7B-67ECEAC30312}.Debug|Any CPU.ActiveCfg = Debug|Any CPU
		{2307EDD6-7F76-42D6-9D7B-67ECEAC30312}.Debug|Any CPU.Build.0 = Debug|Any CPU
		{2307EDD6-7F76-42D6-9D7B-67ECEAC30312}.Release|Any CPU.ActiveCfg = Release|Any CPU
		{2307EDD6-7F76-42D6-9D7B-67ECEAC30312}.Release|Any CPU.Build.0 = Release|Any CPU
		{35FCCC27-7316-4496-83FD-B80A3F08FA2D}.Debug|Any CPU.ActiveCfg = Debug|Any CPU
		{35FCCC27-7316-4496-83FD-B80A3F08FA2D}.Debug|Any CPU.Build.0 = Debug|Any CPU
		{35FCCC27-7316-4496-83FD-B80A3F08FA2D}.Debug|Any CPU.Deploy.0 = Debug|Any CPU
		{35FCCC27-7316-4496-83FD-B80A3F08FA2D}.Release|Any CPU.ActiveCfg = Release|Any CPU
		{35FCCC27-7316-4496-83FD-B80A3F08FA2D}.Release|Any CPU.Build.0 = Release|Any CPU
		{35FCCC27-7316-4496-83FD-B80A3F08FA2D}.Release|Any CPU.Deploy.0 = Release|Any CPU
	EndGlobalSection
	GlobalSection(SolutionProperties) = preSolution
		HideSolutionNode = FALSE
	EndGlobalSection
	GlobalSection(ExtensibilityGlobals) = postSolution
		SolutionGuid = {4CC6B6ED-B7D8-4E28-8B4D-A5F786B6A017}
	EndGlobalSection
EndGlobal
